
Microsoft Visual Studio Solution File, Format Version 12.00
# Visual Studio Version 17
VisualStudioVersion = 17.8.34330.188
MinimumVisualStudioVersion = 10.0.40219.1
Project("{FAE04EC0-301F-11D3-BF4B-00C04F79EFBC}") = "JwtAuthManager", "JwtAuthManager\JwtAuthManager.csproj", "{B6830366-9DC8-4222-9104-6386564E20C4}"
EndProject
Project("{2150E333-8FDC-42A3-9474-1A3956D46DE8}") = "ApiGateway", "ApiGateway", "{22285BA5-66CB-43E7-BB6C-3260C921DFD4}"
EndProject
Project("{2150E333-8FDC-42A3-9474-1A3956D46DE8}") = "Microservices", "Microservices", "{1A1D64D5-9E4F-4A54-AECD-AE7E4DFA87A4}"
EndProject
Project("{FAE04EC0-301F-11D3-BF4B-00C04F79EFBC}") = "AuthenticationApi", "AuthenticationApi\AuthenticationApi.csproj", "{C2C9B566-1330-4CAC-A537-07DEB6080A05}"
EndProject
Project("{FAE04EC0-301F-11D3-BF4B-00C04F79EFBC}") = "NotebookApi", "NotebookApi\NotebookApi.csproj", "{D5F54858-7987-46D2-96B8-E95EC2F78074}"
EndProject
Global
	GlobalSection(SolutionConfigurationPlatforms) = preSolution
		Debug|Any CPU = Debug|Any CPU
		Release|Any CPU = Release|Any CPU
	EndGlobalSection
	GlobalSection(ProjectConfigurationPlatforms) = postSolution
		{B6830366-9DC8-4222-9104-6386564E20C4}.Debug|Any CPU.ActiveCfg = Debug|Any CPU
		{B6830366-9DC8-4222-9104-6386564E20C4}.Debug|Any CPU.Build.0 = Debug|Any CPU
		{B6830366-9DC8-4222-9104-6386564E20C4}.Release|Any CPU.ActiveCfg = Release|Any CPU
		{B6830366-9DC8-4222-9104-6386564E20C4}.Release|Any CPU.Build.0 = Release|Any CPU
		{C2C9B566-1330-4CAC-A537-07DEB6080A05}.Debug|Any CPU.ActiveCfg = Debug|Any CPU
		{C2C9B566-1330-4CAC-A537-07DEB6080A05}.Debug|Any CPU.Build.0 = Debug|Any CPU
		{C2C9B566-1330-4CAC-A537-07DEB6080A05}.Release|Any CPU.ActiveCfg = Release|Any CPU
		{C2C9B566-1330-4CAC-A537-07DEB6080A05}.Release|Any CPU.Build.0 = Release|Any CPU
		{D5F54858-7987-46D2-96B8-E95EC2F78074}.Debug|Any CPU.ActiveCfg = Debug|Any CPU
		{D5F54858-7987-46D2-96B8-E95EC2F78074}.Debug|Any CPU.Build.0 = Debug|Any CPU
		{D5F54858-7987-46D2-96B8-E95EC2F78074}.Release|Any CPU.ActiveCfg = Release|Any CPU
		{D5F54858-7987-46D2-96B8-E95EC2F78074}.Release|Any CPU.Build.0 = Release|Any CPU
	EndGlobalSection
	GlobalSection(SolutionProperties) = preSolution
		HideSolutionNode = FALSE
	EndGlobalSection
	GlobalSection(NestedProjects) = preSolution
		{D5F54858-7987-46D2-96B8-E95EC2F78074} = {1A1D64D5-9E4F-4A54-AECD-AE7E4DFA87A4}
	EndGlobalSection
	GlobalSection(ExtensibilityGlobals) = postSolution
		SolutionGuid = {B6605FCF-99C3-4024-88DD-FE5D02BAFDD5}
	EndGlobalSection
EndGlobal
